
Microsoft Visual Studio Solution File, Format Version 12.00
# Visual Studio Version 17
VisualStudioVersion = 17.9.34728.123
MinimumVisualStudioVersion = 10.0.40219.1
Project("{FAE04EC0-301F-11D3-BF4B-00C04F79EFBC}") = "DiNet.InstantTcp.Client", "DiNet.InstantTcp.Client\DiNet.InstantTcp.Client.csproj", "{B3B4F776-023E-4E75-B183-7ABC81B4D659}"
EndProject
Project("{FAE04EC0-301F-11D3-BF4B-00C04F79EFBC}") = "DiNet.InstantTcp.Core", "DiNet.InstantTcp.Core\DiNet.InstantTcp.Core.csproj", "{5E275FB7-00B5-49B2-8495-CB2396EC680D}"
EndProject
Project("{FAE04EC0-301F-11D3-BF4B-00C04F79EFBC}") = "DiNet.InstantTcp.Tests", "DiNet.InstantTcp.Tests\DiNet.InstantTcp.Tests.csproj", "{E93ADF20-02BD-454B-BF9A-CEDD7D7F0D2F}"
EndProject
Global
	GlobalSection(SolutionConfigurationPlatforms) = preSolution
		Debug|Any CPU = Debug|Any CPU
		Release|Any CPU = Release|Any CPU
	EndGlobalSection
	GlobalSection(ProjectConfigurationPlatforms) = postSolution
		{B3B4F776-023E-4E75-B183-7ABC81B4D659}.Debug|Any CPU.ActiveCfg = Debug|Any CPU
		{B3B4F776-023E-4E75-B183-7ABC81B4D659}.Debug|Any CPU.Build.0 = Debug|Any CPU
		{B3B4F776-023E-4E75-B183-7ABC81B4D659}.Release|Any CPU.ActiveCfg = Release|Any CPU
		{B3B4F776-023E-4E75-B183-7ABC81B4D659}.Release|Any CPU.Build.0 = Release|Any CPU
		{5E275FB7-00B5-49B2-8495-CB2396EC680D}.Debug|Any CPU.ActiveCfg = Debug|Any CPU
		{5E275FB7-00B5-49B2-8495-CB2396EC680D}.Debug|Any CPU.Build.0 = Debug|Any CPU
		{5E275FB7-00B5-49B2-8495-CB2396EC680D}.Release|Any CPU.ActiveCfg = Release|Any CPU
		{5E275FB7-00B5-49B2-8495-CB2396EC680D}.Release|Any CPU.Build.0 = Release|Any CPU
		{E93ADF20-02BD-454B-BF9A-CEDD7D7F0D2F}.Debug|Any CPU.ActiveCfg = Debug|Any CPU
		{E93ADF20-02BD-454B-BF9A-CEDD7D7F0D2F}.Debug|Any CPU.Build.0 = Debug|Any CPU
		{E93ADF20-02BD-454B-BF9A-CEDD7D7F0D2F}.Release|Any CPU.ActiveCfg = Release|Any CPU
		{E93ADF20-02BD-454B-BF9A-CEDD7D7F0D2F}.Release|Any CPU.Build.0 = Release|Any CPU
	EndGlobalSection
	GlobalSection(SolutionProperties) = preSolution
		HideSolutionNode = FALSE
	EndGlobalSection
	GlobalSection(ExtensibilityGlobals) = postSolution
		SolutionGuid = {0B858494-DF13-4E36-AFDC-6B50A987D67E}
	EndGlobalSection
EndGlobal
